
Microsoft Visual Studio Solution File, Format Version 12.00
# Visual Studio 14
VisualStudioVersion = 14.0.25420.1
MinimumVisualStudioVersion = 10.0.40219.1
Project("{FAE04EC0-301F-11D3-BF4B-00C04F79EFBC}") = "ExercisesWeekOne", "ExercisesWeekOne\ExercisesWeekOne.csproj", "{15568562-59A5-476B-AC99-FD191965F4EF}"
EndProject
Project("{FAE04EC0-301F-11D3-BF4B-00C04F79EFBC}") = "Exercise 4", "Exercise 4\Exercise 4.csproj", "{E5F6436C-B069-4ADF-9B33-C97732E708A0}"
EndProject
Project("{FAE04EC0-301F-11D3-BF4B-00C04F79EFBC}") = "Exercise 5", "Exercise 5\Exercise 5.csproj", "{1580D37F-67D8-42E9-88A7-368858F41E10}"
EndProject
Global
	GlobalSection(SolutionConfigurationPlatforms) = preSolution
		Debug|Any CPU = Debug|Any CPU
		Release|Any CPU = Release|Any CPU
	EndGlobalSection
	GlobalSection(ProjectConfigurationPlatforms) = postSolution
		{15568562-59A5-476B-AC99-FD191965F4EF}.Debug|Any CPU.ActiveCfg = Debug|Any CPU
		{15568562-59A5-476B-AC99-FD191965F4EF}.Debug|Any CPU.Build.0 = Debug|Any CPU
		{15568562-59A5-476B-AC99-FD191965F4EF}.Release|Any CPU.ActiveCfg = Release|Any CPU
		{15568562-59A5-476B-AC99-FD191965F4EF}.Release|Any CPU.Build.0 = Release|Any CPU
		{E5F6436C-B069-4ADF-9B33-C97732E708A0}.Debug|Any CPU.ActiveCfg = Debug|Any CPU
		{E5F6436C-B069-4ADF-9B33-C97732E708A0}.Debug|Any CPU.Build.0 = Debug|Any CPU
		{E5F6436C-B069-4ADF-9B33-C97732E708A0}.Release|Any CPU.ActiveCfg = Release|Any CPU
		{E5F6436C-B069-4ADF-9B33-C97732E708A0}.Release|Any CPU.Build.0 = Release|Any CPU
		{1580D37F-67D8-42E9-88A7-368858F41E10}.Debug|Any CPU.ActiveCfg = Debug|Any CPU
		{1580D37F-67D8-42E9-88A7-368858F41E10}.Debug|Any CPU.Build.0 = Debug|Any CPU
		{1580D37F-67D8-42E9-88A7-368858F41E10}.Release|Any CPU.ActiveCfg = Release|Any CPU
		{1580D37F-67D8-42E9-88A7-368858F41E10}.Release|Any CPU.Build.0 = Release|Any CPU
	EndGlobalSection
	GlobalSection(SolutionProperties) = preSolution
		HideSolutionNode = FALSE
	EndGlobalSection
EndGlobal
