
Microsoft Visual Studio Solution File, Format Version 12.00
# Visual Studio 14
VisualStudioVersion = 14.0.25420.1
MinimumVisualStudioVersion = 10.0.40219.1
Project("{FAE04EC0-301F-11D3-BF4B-00C04F79EFBC}") = "ExercisesWeekTwo", "ExercisesWeekTwo\ExercisesWeekTwo.csproj", "{1DF28E83-0F72-4557-AFE5-30CB77E3BD95}"
EndProject
Project("{FAE04EC0-301F-11D3-BF4B-00C04F79EFBC}") = "ExtensionMethodsDemo", "ExtensionMethodsDemo\ExtensionMethodsDemo.csproj", "{18CB06B8-31EE-4E61-9EA2-60DC36D7DCFA}"
EndProject
Project("{FAE04EC0-301F-11D3-BF4B-00C04F79EFBC}") = "Exercise1", "Exercise1\Exercise1.csproj", "{E7E97331-E51F-4F4B-953E-E24D18C1B4BD}"
EndProject
Project("{FAE04EC0-301F-11D3-BF4B-00C04F79EFBC}") = "Ado.NETdemo", "Ado.NETdemo\Ado.NETdemo.csproj", "{31FC25CD-F294-4C27-B487-FBDFDF5B3F19}"
EndProject
Project("{FAE04EC0-301F-11D3-BF4B-00C04F79EFBC}") = "Exercise2winforms", "Exercise2winforms\Exercise2winforms.csproj", "{E2176333-09F3-4213-A3F9-10CE0B810E81}"
EndProject
Project("{FAE04EC0-301F-11D3-BF4B-00C04F79EFBC}") = "WinformsFromConsole", "WinformsFromConsole\WinformsFromConsole.csproj", "{3F1C04B9-C36D-4971-9C7E-75FC0E543EFD}"
EndProject
Project("{FAE04EC0-301F-11D3-BF4B-00C04F79EFBC}") = "winformDALexercise", "winformDALexercise\winformDALexercise.csproj", "{C3FD5922-A55F-454B-AA79-8ACB45BAE17D}"
EndProject
Project("{FAE04EC0-301F-11D3-BF4B-00C04F79EFBC}") = "MyDal", "MyDal\MyDal.csproj", "{228C807C-5A91-432C-BAF4-B0AD1EDDEA07}"
EndProject
Global
	GlobalSection(SolutionConfigurationPlatforms) = preSolution
		Debug|Any CPU = Debug|Any CPU
		Release|Any CPU = Release|Any CPU
	EndGlobalSection
	GlobalSection(ProjectConfigurationPlatforms) = postSolution
		{1DF28E83-0F72-4557-AFE5-30CB77E3BD95}.Debug|Any CPU.ActiveCfg = Debug|Any CPU
		{1DF28E83-0F72-4557-AFE5-30CB77E3BD95}.Debug|Any CPU.Build.0 = Debug|Any CPU
		{1DF28E83-0F72-4557-AFE5-30CB77E3BD95}.Release|Any CPU.ActiveCfg = Release|Any CPU
		{1DF28E83-0F72-4557-AFE5-30CB77E3BD95}.Release|Any CPU.Build.0 = Release|Any CPU
		{18CB06B8-31EE-4E61-9EA2-60DC36D7DCFA}.Debug|Any CPU.ActiveCfg = Debug|Any CPU
		{18CB06B8-31EE-4E61-9EA2-60DC36D7DCFA}.Debug|Any CPU.Build.0 = Debug|Any CPU
		{18CB06B8-31EE-4E61-9EA2-60DC36D7DCFA}.Release|Any CPU.ActiveCfg = Release|Any CPU
		{18CB06B8-31EE-4E61-9EA2-60DC36D7DCFA}.Release|Any CPU.Build.0 = Release|Any CPU
		{E7E97331-E51F-4F4B-953E-E24D18C1B4BD}.Debug|Any CPU.ActiveCfg = Debug|Any CPU
		{E7E97331-E51F-4F4B-953E-E24D18C1B4BD}.Debug|Any CPU.Build.0 = Debug|Any CPU
		{E7E97331-E51F-4F4B-953E-E24D18C1B4BD}.Release|Any CPU.ActiveCfg = Release|Any CPU
		{E7E97331-E51F-4F4B-953E-E24D18C1B4BD}.Release|Any CPU.Build.0 = Release|Any CPU
		{31FC25CD-F294-4C27-B487-FBDFDF5B3F19}.Debug|Any CPU.ActiveCfg = Debug|Any CPU
		{31FC25CD-F294-4C27-B487-FBDFDF5B3F19}.Debug|Any CPU.Build.0 = Debug|Any CPU
		{31FC25CD-F294-4C27-B487-FBDFDF5B3F19}.Release|Any CPU.ActiveCfg = Release|Any CPU
		{31FC25CD-F294-4C27-B487-FBDFDF5B3F19}.Release|Any CPU.Build.0 = Release|Any CPU
		{E2176333-09F3-4213-A3F9-10CE0B810E81}.Debug|Any CPU.ActiveCfg = Debug|Any CPU
		{E2176333-09F3-4213-A3F9-10CE0B810E81}.Debug|Any CPU.Build.0 = Debug|Any CPU
		{E2176333-09F3-4213-A3F9-10CE0B810E81}.Release|Any CPU.ActiveCfg = Release|Any CPU
		{E2176333-09F3-4213-A3F9-10CE0B810E81}.Release|Any CPU.Build.0 = Release|Any CPU
		{3F1C04B9-C36D-4971-9C7E-75FC0E543EFD}.Debug|Any CPU.ActiveCfg = Debug|Any CPU
		{3F1C04B9-C36D-4971-9C7E-75FC0E543EFD}.Debug|Any CPU.Build.0 = Debug|Any CPU
		{3F1C04B9-C36D-4971-9C7E-75FC0E543EFD}.Release|Any CPU.ActiveCfg = Release|Any CPU
		{3F1C04B9-C36D-4971-9C7E-75FC0E543EFD}.Release|Any CPU.Build.0 = Release|Any CPU
		{C3FD5922-A55F-454B-AA79-8ACB45BAE17D}.Debug|Any CPU.ActiveCfg = Debug|Any CPU
		{C3FD5922-A55F-454B-AA79-8ACB45BAE17D}.Debug|Any CPU.Build.0 = Debug|Any CPU
		{C3FD5922-A55F-454B-AA79-8ACB45BAE17D}.Release|Any CPU.ActiveCfg = Release|Any CPU
		{C3FD5922-A55F-454B-AA79-8ACB45BAE17D}.Release|Any CPU.Build.0 = Release|Any CPU
		{228C807C-5A91-432C-BAF4-B0AD1EDDEA07}.Debug|Any CPU.ActiveCfg = Debug|Any CPU
		{228C807C-5A91-432C-BAF4-B0AD1EDDEA07}.Debug|Any CPU.Build.0 = Debug|Any CPU
		{228C807C-5A91-432C-BAF4-B0AD1EDDEA07}.Release|Any CPU.ActiveCfg = Release|Any CPU
		{228C807C-5A91-432C-BAF4-B0AD1EDDEA07}.Release|Any CPU.Build.0 = Release|Any CPU
	EndGlobalSection
	GlobalSection(SolutionProperties) = preSolution
		HideSolutionNode = FALSE
	EndGlobalSection
EndGlobal
